// !$*UTF8*$!
{
	archiveVersion = 1;
	classes = {
	};
	objectVersion = 50;
	objects = {

/* Begin PBXBuildFile section */
		33C33E1891B69E20CC8F515A /* Pods_ShopifyIOS.framework in Frameworks */ = {isa = PBXBuildFile; fileRef = 1F7B112E5D20343D26AFFBFB /* Pods_ShopifyIOS.framework */; };
		B614ACD02C07483EA16C31B9 /* Pods_ShopifyIOSUITests.framework in Frameworks */ = {isa = PBXBuildFile; fileRef = FB6671DD9E4501D765D16B58 /* Pods_ShopifyIOSUITests.framework */; };
		ED0BC8722154645D000426D7 /* Alamofire.framework in Frameworks */ = {isa = PBXBuildFile; fileRef = ED0BC8712154645D000426D7 /* Alamofire.framework */; };
		ED3BD20A21546C8F00D6E360 /* NetworkDispatcher.swift in Sources */ = {isa = PBXBuildFile; fileRef = ED3BD20921546C8F00D6E360 /* NetworkDispatcher.swift */; };
		ED3BD20C21546F6B00D6E360 /* product.swift in Sources */ = {isa = PBXBuildFile; fileRef = ED3BD20B21546F6B00D6E360 /* product.swift */; };
		ED3BD20E21548EE800D6E360 /* TagTableViewCell.swift in Sources */ = {isa = PBXBuildFile; fileRef = ED3BD20D21548EE800D6E360 /* TagTableViewCell.swift */; };
		ED3BD2102154926E00D6E360 /* ProductsViewController.swift in Sources */ = {isa = PBXBuildFile; fileRef = ED3BD20F2154926E00D6E360 /* ProductsViewController.swift */; };
		EDC9C80621554D9A00351ECB /* ProductTableViewCell.swift in Sources */ = {isa = PBXBuildFile; fileRef = EDC9C80521554D9A00351ECB /* ProductTableViewCell.swift */; };
		EDD730BC2154569F00C52B04 /* AppDelegate.swift in Sources */ = {isa = PBXBuildFile; fileRef = EDD730BB2154569F00C52B04 /* AppDelegate.swift */; };
		EDD730BE2154569F00C52B04 /* TagViewController.swift in Sources */ = {isa = PBXBuildFile; fileRef = EDD730BD2154569F00C52B04 /* TagViewController.swift */; };
		EDD730C12154569F00C52B04 /* Main.storyboard in Resources */ = {isa = PBXBuildFile; fileRef = EDD730BF2154569F00C52B04 /* Main.storyboard */; };
		EDD730C3215456A200C52B04 /* Assets.xcassets in Resources */ = {isa = PBXBuildFile; fileRef = EDD730C2215456A200C52B04 /* Assets.xcassets */; };
		EDD730C6215456A200C52B04 /* LaunchScreen.storyboard in Resources */ = {isa = PBXBuildFile; fileRef = EDD730C4215456A200C52B04 /* LaunchScreen.storyboard */; };
		EDD730D1215456A300C52B04 /* ShopifyIOSTests.swift in Sources */ = {isa = PBXBuildFile; fileRef = EDD730D0215456A300C52B04 /* ShopifyIOSTests.swift */; };
		EDD730DC215456A300C52B04 /* ShopifyIOSUITests.swift in Sources */ = {isa = PBXBuildFile; fileRef = EDD730DB215456A300C52B04 /* ShopifyIOSUITests.swift */; };
		FCDD6F51526E974A37B9804A /* Pods_ShopifyIOSTests.framework in Frameworks */ = {isa = PBXBuildFile; fileRef = BC63EAA1A8FCA8BAEFE8A035 /* Pods_ShopifyIOSTests.framework */; };
/* End PBXBuildFile section */

/* Begin PBXContainerItemProxy section */
		EDD730CD215456A300C52B04 /* PBXContainerItemProxy */ = {
			isa = PBXContainerItemProxy;
			containerPortal = EDD730B02154569F00C52B04 /* Project object */;
			proxyType = 1;
			remoteGlobalIDString = EDD730B72154569F00C52B04;
			remoteInfo = ShopifyIOS;
		};
		EDD730D8215456A300C52B04 /* PBXContainerItemProxy */ = {
			isa = PBXContainerItemProxy;
			containerPortal = EDD730B02154569F00C52B04 /* Project object */;
			proxyType = 1;
			remoteGlobalIDString = EDD730B72154569F00C52B04;
			remoteInfo = ShopifyIOS;
		};
/* End PBXContainerItemProxy section */

/* Begin PBXFileReference section */
		1F7B112E5D20343D26AFFBFB /* Pods_ShopifyIOS.framework */ = {isa = PBXFileReference; explicitFileType = wrapper.framework; includeInIndex = 0; path = Pods_ShopifyIOS.framework; sourceTree = BUILT_PRODUCTS_DIR; };
		2678D4A3409D1FDCC40EAD51 /* Pods-ShopifyIOSUITests.debug.xcconfig */ = {isa = PBXFileReference; includeInIndex = 1; lastKnownFileType = text.xcconfig; name = "Pods-ShopifyIOSUITests.debug.xcconfig"; path = "Pods/Target Support Files/Pods-ShopifyIOSUITests/Pods-ShopifyIOSUITests.debug.xcconfig"; sourceTree = "<group>"; };
		33270F576EE4626EA3C3FE5C /* Pods-ShopifyIOSTests.debug.xcconfig */ = {isa = PBXFileReference; includeInIndex = 1; lastKnownFileType = text.xcconfig; name = "Pods-ShopifyIOSTests.debug.xcconfig"; path = "Pods/Target Support Files/Pods-ShopifyIOSTests/Pods-ShopifyIOSTests.debug.xcconfig"; sourceTree = "<group>"; };
		4122C4CE2B772CE0A970BB2F /* Pods-ShopifyIOS.release.xcconfig */ = {isa = PBXFileReference; includeInIndex = 1; lastKnownFileType = text.xcconfig; name = "Pods-ShopifyIOS.release.xcconfig"; path = "Pods/Target Support Files/Pods-ShopifyIOS/Pods-ShopifyIOS.release.xcconfig"; sourceTree = "<group>"; };
		BC63EAA1A8FCA8BAEFE8A035 /* Pods_ShopifyIOSTests.framework */ = {isa = PBXFileReference; explicitFileType = wrapper.framework; includeInIndex = 0; path = Pods_ShopifyIOSTests.framework; sourceTree = BUILT_PRODUCTS_DIR; };
		BF73381C338F497CD2C270F2 /* Pods-ShopifyIOSUITests.release.xcconfig */ = {isa = PBXFileReference; includeInIndex = 1; lastKnownFileType = text.xcconfig; name = "Pods-ShopifyIOSUITests.release.xcconfig"; path = "Pods/Target Support Files/Pods-ShopifyIOSUITests/Pods-ShopifyIOSUITests.release.xcconfig"; sourceTree = "<group>"; };
		DCBF2132B0DB5679813F9145 /* Pods-ShopifyIOSTests.release.xcconfig */ = {isa = PBXFileReference; includeInIndex = 1; lastKnownFileType = text.xcconfig; name = "Pods-ShopifyIOSTests.release.xcconfig"; path = "Pods/Target Support Files/Pods-ShopifyIOSTests/Pods-ShopifyIOSTests.release.xcconfig"; sourceTree = "<group>"; };
		E3AEE3B91501AC4E95AB6E1F /* Pods-ShopifyIOS.debug.xcconfig */ = {isa = PBXFileReference; includeInIndex = 1; lastKnownFileType = text.xcconfig; name = "Pods-ShopifyIOS.debug.xcconfig"; path = "Pods/Target Support Files/Pods-ShopifyIOS/Pods-ShopifyIOS.debug.xcconfig"; sourceTree = "<group>"; };
		ED0BC8712154645D000426D7 /* Alamofire.framework */ = {isa = PBXFileReference; explicitFileType = wrapper.framework; path = Alamofire.framework; sourceTree = BUILT_PRODUCTS_DIR; };
		ED0BC8732154645D000426D7 /* Kingfisher.framework */ = {isa = PBXFileReference; explicitFileType = wrapper.framework; path = Kingfisher.framework; sourceTree = BUILT_PRODUCTS_DIR; };
		ED3BD20921546C8F00D6E360 /* NetworkDispatcher.swift */ = {isa = PBXFileReference; lastKnownFileType = sourcecode.swift; path = NetworkDispatcher.swift; sourceTree = "<group>"; };
		ED3BD20B21546F6B00D6E360 /* product.swift */ = {isa = PBXFileReference; lastKnownFileType = sourcecode.swift; path = product.swift; sourceTree = "<group>"; };
		ED3BD20D21548EE800D6E360 /* TagTableViewCell.swift */ = {isa = PBXFileReference; lastKnownFileType = sourcecode.swift; path = TagTableViewCell.swift; sourceTree = "<group>"; };
		ED3BD20F2154926E00D6E360 /* ProductsViewController.swift */ = {isa = PBXFileReference; lastKnownFileType = sourcecode.swift; path = ProductsViewController.swift; sourceTree = "<group>"; };
		EDC9C80521554D9A00351ECB /* ProductTableViewCell.swift */ = {isa = PBXFileReference; lastKnownFileType = sourcecode.swift; path = ProductTableViewCell.swift; sourceTree = "<group>"; };
		EDD730B82154569F00C52B04 /* ShopifyIOS.app */ = {isa = PBXFileReference; explicitFileType = wrapper.application; includeInIndex = 0; path = ShopifyIOS.app; sourceTree = BUILT_PRODUCTS_DIR; };
		EDD730BB2154569F00C52B04 /* AppDelegate.swift */ = {isa = PBXFileReference; lastKnownFileType = sourcecode.swift; path = AppDelegate.swift; sourceTree = "<group>"; };
		EDD730BD2154569F00C52B04 /* TagViewController.swift */ = {isa = PBXFileReference; lastKnownFileType = sourcecode.swift; path = TagViewController.swift; sourceTree = "<group>"; };
		EDD730C02154569F00C52B04 /* Base */ = {isa = PBXFileReference; lastKnownFileType = file.storyboard; name = Base; path = Base.lproj/Main.storyboard; sourceTree = "<group>"; };
		EDD730C2215456A200C52B04 /* Assets.xcassets */ = {isa = PBXFileReference; lastKnownFileType = folder.assetcatalog; path = Assets.xcassets; sourceTree = "<group>"; };
		EDD730C5215456A200C52B04 /* Base */ = {isa = PBXFileReference; lastKnownFileType = file.storyboard; name = Base; path = Base.lproj/LaunchScreen.storyboard; sourceTree = "<group>"; };
		EDD730C7215456A200C52B04 /* Info.plist */ = {isa = PBXFileReference; lastKnownFileType = text.plist.xml; path = Info.plist; sourceTree = "<group>"; };
		EDD730CC215456A300C52B04 /* ShopifyIOSTests.xctest */ = {isa = PBXFileReference; explicitFileType = wrapper.cfbundle; includeInIndex = 0; path = ShopifyIOSTests.xctest; sourceTree = BUILT_PRODUCTS_DIR; };
		EDD730D0215456A300C52B04 /* ShopifyIOSTests.swift */ = {isa = PBXFileReference; lastKnownFileType = sourcecode.swift; path = ShopifyIOSTests.swift; sourceTree = "<group>"; };
		EDD730D2215456A300C52B04 /* Info.plist */ = {isa = PBXFileReference; lastKnownFileType = text.plist.xml; path = Info.plist; sourceTree = "<group>"; };
		EDD730D7215456A300C52B04 /* ShopifyIOSUITests.xctest */ = {isa = PBXFileReference; explicitFileType = wrapper.cfbundle; includeInIndex = 0; path = ShopifyIOSUITests.xctest; sourceTree = BUILT_PRODUCTS_DIR; };
		EDD730DB215456A300C52B04 /* ShopifyIOSUITests.swift */ = {isa = PBXFileReference; lastKnownFileType = sourcecode.swift; path = ShopifyIOSUITests.swift; sourceTree = "<group>"; };
		EDD730DD215456A300C52B04 /* Info.plist */ = {isa = PBXFileReference; lastKnownFileType = text.plist.xml; path = Info.plist; sourceTree = "<group>"; };
		FB6671DD9E4501D765D16B58 /* Pods_ShopifyIOSUITests.framework */ = {isa = PBXFileReference; explicitFileType = wrapper.framework; includeInIndex = 0; path = Pods_ShopifyIOSUITests.framework; sourceTree = BUILT_PRODUCTS_DIR; };
/* End PBXFileReference section */

/* Begin PBXFrameworksBuildPhase section */
		EDD730B52154569F00C52B04 /* Frameworks */ = {
			isa = PBXFrameworksBuildPhase;
			buildActionMask = 2147483647;
			files = (
				ED0BC8722154645D000426D7 /* Alamofire.framework in Frameworks */,
				33C33E1891B69E20CC8F515A /* Pods_ShopifyIOS.framework in Frameworks */,
			);
			runOnlyForDeploymentPostprocessing = 0;
		};
		EDD730C9215456A300C52B04 /* Frameworks */ = {
			isa = PBXFrameworksBuildPhase;
			buildActionMask = 2147483647;
			files = (
				FCDD6F51526E974A37B9804A /* Pods_ShopifyIOSTests.framework in Frameworks */,
			);
			runOnlyForDeploymentPostprocessing = 0;
		};
		EDD730D4215456A300C52B04 /* Frameworks */ = {
			isa = PBXFrameworksBuildPhase;
			buildActionMask = 2147483647;
			files = (
				B614ACD02C07483EA16C31B9 /* Pods_ShopifyIOSUITests.framework in Frameworks */,
			);
			runOnlyForDeploymentPostprocessing = 0;
		};
/* End PBXFrameworksBuildPhase section */

/* Begin PBXGroup section */
		9B1A841946D28147EFE6F293 /* Frameworks */ = {
			isa = PBXGroup;
			children = (
				ED0BC8712154645D000426D7 /* Alamofire.framework */,
				ED0BC8732154645D000426D7 /* Kingfisher.framework */,
				1F7B112E5D20343D26AFFBFB /* Pods_ShopifyIOS.framework */,
				BC63EAA1A8FCA8BAEFE8A035 /* Pods_ShopifyIOSTests.framework */,
				FB6671DD9E4501D765D16B58 /* Pods_ShopifyIOSUITests.framework */,
			);
			name = Frameworks;
			sourceTree = "<group>";
		};
		C911D73F4B9AE10697036E5A /* Pods */ = {
			isa = PBXGroup;
			children = (
				E3AEE3B91501AC4E95AB6E1F /* Pods-ShopifyIOS.debug.xcconfig */,
				4122C4CE2B772CE0A970BB2F /* Pods-ShopifyIOS.release.xcconfig */,
				33270F576EE4626EA3C3FE5C /* Pods-ShopifyIOSTests.debug.xcconfig */,
				DCBF2132B0DB5679813F9145 /* Pods-ShopifyIOSTests.release.xcconfig */,
				2678D4A3409D1FDCC40EAD51 /* Pods-ShopifyIOSUITests.debug.xcconfig */,
				BF73381C338F497CD2C270F2 /* Pods-ShopifyIOSUITests.release.xcconfig */,
			);
			name = Pods;
			sourceTree = "<group>";
		};
		ED0BC87521546655000426D7 /* Supporting files */ = {
			isa = PBXGroup;
			children = (
				EDD730BF2154569F00C52B04 /* Main.storyboard */,
				EDD730C4215456A200C52B04 /* LaunchScreen.storyboard */,
				EDD730BB2154569F00C52B04 /* AppDelegate.swift */,
				EDD730C2215456A200C52B04 /* Assets.xcassets */,
			);
			path = "Supporting files";
			sourceTree = "<group>";
		};
		ED0BC876215466A4000426D7 /* Model */ = {
			isa = PBXGroup;
			children = (
				ED3BD20921546C8F00D6E360 /* NetworkDispatcher.swift */,
				ED3BD20B21546F6B00D6E360 /* product.swift */,
			);
			path = Model;
			sourceTree = "<group>";
		};
		ED0BC87A215466C6000426D7 /* View */ = {
			isa = PBXGroup;
			children = (
				ED3BD20D21548EE800D6E360 /* TagTableViewCell.swift */,
				EDC9C80521554D9A00351ECB /* ProductTableViewCell.swift */,
			);
			path = View;
			sourceTree = "<group>";
		};
		ED0BC87B215466CB000426D7 /* Controller */ = {
			isa = PBXGroup;
			children = (
				EDD730BD2154569F00C52B04 /* TagViewController.swift */,
				ED3BD20F2154926E00D6E360 /* ProductsViewController.swift */,
			);
			path = Controller;
			sourceTree = "<group>";
		};
		EDD730AF2154569F00C52B04 = {
			isa = PBXGroup;
			children = (
				EDD730BA2154569F00C52B04 /* ShopifyIOS */,
				EDD730CF215456A300C52B04 /* ShopifyIOSTests */,
				EDD730DA215456A300C52B04 /* ShopifyIOSUITests */,
				EDD730B92154569F00C52B04 /* Products */,
				C911D73F4B9AE10697036E5A /* Pods */,
				9B1A841946D28147EFE6F293 /* Frameworks */,
			);
			sourceTree = "<group>";
		};
		EDD730B92154569F00C52B04 /* Products */ = {
			isa = PBXGroup;
			children = (
				EDD730B82154569F00C52B04 /* ShopifyIOS.app */,
				EDD730CC215456A300C52B04 /* ShopifyIOSTests.xctest */,
				EDD730D7215456A300C52B04 /* ShopifyIOSUITests.xctest */,
			);
			name = Products;
			sourceTree = "<group>";
		};
		EDD730BA2154569F00C52B04 /* ShopifyIOS */ = {
			isa = PBXGroup;
			children = (
				EDD730C7215456A200C52B04 /* Info.plist */,
				ED0BC876215466A4000426D7 /* Model */,
				ED0BC87A215466C6000426D7 /* View */,
				ED0BC87B215466CB000426D7 /* Controller */,
				ED0BC87521546655000426D7 /* Supporting files */,
			);
			path = ShopifyIOS;
			sourceTree = "<group>";
		};
		EDD730CF215456A300C52B04 /* ShopifyIOSTests */ = {
			isa = PBXGroup;
			children = (
				EDD730D0215456A300C52B04 /* ShopifyIOSTests.swift */,
				EDD730D2215456A300C52B04 /* Info.plist */,
			);
			path = ShopifyIOSTests;
			sourceTree = "<group>";
		};
		EDD730DA215456A300C52B04 /* ShopifyIOSUITests */ = {
			isa = PBXGroup;
			children = (
				EDD730DB215456A300C52B04 /* ShopifyIOSUITests.swift */,
				EDD730DD215456A300C52B04 /* Info.plist */,
			);
			path = ShopifyIOSUITests;
			sourceTree = "<group>";
		};
/* End PBXGroup section */

/* Begin PBXNativeTarget section */
		EDD730B72154569F00C52B04 /* ShopifyIOS */ = {
			isa = PBXNativeTarget;
			buildConfigurationList = EDD730E0215456A300C52B04 /* Build configuration list for PBXNativeTarget "ShopifyIOS" */;
			buildPhases = (
				99E0F6FE539EF5AB5B5E4055 /* [CP] Check Pods Manifest.lock */,
				EDD730B42154569F00C52B04 /* Sources */,
				EDD730B52154569F00C52B04 /* Frameworks */,
				EDD730B62154569F00C52B04 /* Resources */,
				76473A109C23AC73AC58FC3A /* [CP] Embed Pods Frameworks */,
			);
			buildRules = (
			);
			dependencies = (
			);
			name = ShopifyIOS;
			productName = ShopifyIOS;
			productReference = EDD730B82154569F00C52B04 /* ShopifyIOS.app */;
			productType = "com.apple.product-type.application";
		};
		EDD730CB215456A300C52B04 /* ShopifyIOSTests */ = {
			isa = PBXNativeTarget;
			buildConfigurationList = EDD730E3215456A300C52B04 /* Build configuration list for PBXNativeTarget "ShopifyIOSTests" */;
			buildPhases = (
				34D10407EB8EC00C6B749241 /* [CP] Check Pods Manifest.lock */,
				EDD730C8215456A300C52B04 /* Sources */,
				EDD730C9215456A300C52B04 /* Frameworks */,
				EDD730CA215456A300C52B04 /* Resources */,
			);
			buildRules = (
			);
			dependencies = (
				EDD730CE215456A300C52B04 /* PBXTargetDependency */,
			);
			name = ShopifyIOSTests;
			productName = ShopifyIOSTests;
			productReference = EDD730CC215456A300C52B04 /* ShopifyIOSTests.xctest */;
			productType = "com.apple.product-type.bundle.unit-test";
		};
		EDD730D6215456A300C52B04 /* ShopifyIOSUITests */ = {
			isa = PBXNativeTarget;
			buildConfigurationList = EDD730E6215456A300C52B04 /* Build configuration list for PBXNativeTarget "ShopifyIOSUITests" */;
			buildPhases = (
				90727A21F7A3B4A71952AF92 /* [CP] Check Pods Manifest.lock */,
				EDD730D3215456A300C52B04 /* Sources */,
				EDD730D4215456A300C52B04 /* Frameworks */,
				EDD730D5215456A300C52B04 /* Resources */,
			);
			buildRules = (
			);
			dependencies = (
				EDD730D9215456A300C52B04 /* PBXTargetDependency */,
			);
			name = ShopifyIOSUITests;
			productName = ShopifyIOSUITests;
			productReference = EDD730D7215456A300C52B04 /* ShopifyIOSUITests.xctest */;
			productType = "com.apple.product-type.bundle.ui-testing";
		};
/* End PBXNativeTarget section */

/* Begin PBXProject section */
		EDD730B02154569F00C52B04 /* Project object */ = {
			isa = PBXProject;
			attributes = {
				LastSwiftUpdateCheck = 0940;
				LastUpgradeCheck = 0940;
				ORGANIZATIONNAME = "Michel Balamou";
				TargetAttributes = {
					EDD730B72154569F00C52B04 = {
						CreatedOnToolsVersion = 9.4.1;
					};
					EDD730CB215456A300C52B04 = {
						CreatedOnToolsVersion = 9.4.1;
						TestTargetID = EDD730B72154569F00C52B04;
					};
					EDD730D6215456A300C52B04 = {
						CreatedOnToolsVersion = 9.4.1;
						TestTargetID = EDD730B72154569F00C52B04;
					};
				};
			};
			buildConfigurationList = EDD730B32154569F00C52B04 /* Build configuration list for PBXProject "ShopifyIOS" */;
			compatibilityVersion = "Xcode 9.3";
			developmentRegion = en;
			hasScannedForEncodings = 0;
			knownRegions = (
				en,
				Base,
			);
			mainGroup = EDD730AF2154569F00C52B04;
			productRefGroup = EDD730B92154569F00C52B04 /* Products */;
			projectDirPath = "";
			projectRoot = "";
			targets = (
				EDD730B72154569F00C52B04 /* ShopifyIOS */,
				EDD730CB215456A300C52B04 /* ShopifyIOSTests */,
				EDD730D6215456A300C52B04 /* ShopifyIOSUITests */,
			);
		};
/* End PBXProject section */

/* Begin PBXResourcesBuildPhase section */
		EDD730B62154569F00C52B04 /* Resources */ = {
			isa = PBXResourcesBuildPhase;
			buildActionMask = 2147483647;
			files = (
				EDD730C6215456A200C52B04 /* LaunchScreen.storyboard in Resources */,
				EDD730C3215456A200C52B04 /* Assets.xcassets in Resources */,
				EDD730C12154569F00C52B04 /* Main.storyboard in Resources */,
			);
			runOnlyForDeploymentPostprocessing = 0;
		};
		EDD730CA215456A300C52B04 /* Resources */ = {
			isa = PBXResourcesBuildPhase;
			buildActionMask = 2147483647;
			files = (
			);
			runOnlyForDeploymentPostprocessing = 0;
		};
		EDD730D5215456A300C52B04 /* Resources */ = {
			isa = PBXResourcesBuildPhase;
			buildActionMask = 2147483647;
			files = (
			);
			runOnlyForDeploymentPostprocessing = 0;
		};
/* End PBXResourcesBuildPhase section */

/* Begin PBXShellScriptBuildPhase section */
		34D10407EB8EC00C6B749241 /* [CP] Check Pods Manifest.lock */ = {
			isa = PBXShellScriptBuildPhase;
			buildActionMask = 2147483647;
			files = (
			);
			inputPaths = (
				"${PODS_PODFILE_DIR_PATH}/Podfile.lock",
				"${PODS_ROOT}/Manifest.lock",
			);
			name = "[CP] Check Pods Manifest.lock";
			outputPaths = (
				"$(DERIVED_FILE_DIR)/Pods-ShopifyIOSTests-checkManifestLockResult.txt",
			);
			runOnlyForDeploymentPostprocessing = 0;
			shellPath = /bin/sh;
			shellScript = "diff \"${PODS_PODFILE_DIR_PATH}/Podfile.lock\" \"${PODS_ROOT}/Manifest.lock\" > /dev/null\nif [ $? != 0 ] ; then\n    # print error to STDERR\n    echo \"error: The sandbox is not in sync with the Podfile.lock. Run 'pod install' or update your CocoaPods installation.\" >&2\n    exit 1\nfi\n# This output is used by Xcode 'outputs' to avoid re-running this script phase.\necho \"SUCCESS\" > \"${SCRIPT_OUTPUT_FILE_0}\"\n";
			showEnvVarsInLog = 0;
		};
		76473A109C23AC73AC58FC3A /* [CP] Embed Pods Frameworks */ = {
			isa = PBXShellScriptBuildPhase;
			buildActionMask = 2147483647;
			files = (
			);
			inputPaths = (
				"${SRCROOT}/Pods/Target Support Files/Pods-ShopifyIOS/Pods-ShopifyIOS-frameworks.sh",
				"${BUILT_PRODUCTS_DIR}/Alamofire/Alamofire.framework",
			);
			name = "[CP] Embed Pods Frameworks";
			outputPaths = (
				"${TARGET_BUILD_DIR}/${FRAMEWORKS_FOLDER_PATH}/Alamofire.framework",
			);
			runOnlyForDeploymentPostprocessing = 0;
			shellPath = /bin/sh;
			shellScript = "\"${SRCROOT}/Pods/Target Support Files/Pods-ShopifyIOS/Pods-ShopifyIOS-frameworks.sh\"\n";
			showEnvVarsInLog = 0;
		};
		90727A21F7A3B4A71952AF92 /* [CP] Check Pods Manifest.lock */ = {
			isa = PBXShellScriptBuildPhase;
			buildActionMask = 2147483647;
			files = (
			);
			inputPaths = (
				"${PODS_PODFILE_DIR_PATH}/Podfile.lock",
				"${PODS_ROOT}/Manifest.lock",
			);
			name = "[CP] Check Pods Manifest.lock";
			outputPaths = (
				"$(DERIVED_FILE_DIR)/Pods-ShopifyIOSUITests-checkManifestLockResult.txt",
			);
			runOnlyForDeploymentPostprocessing = 0;
			shellPath = /bin/sh;
			shellScript = "diff \"${PODS_PODFILE_DIR_PATH}/Podfile.lock\" \"${PODS_ROOT}/Manifest.lock\" > /dev/null\nif [ $? != 0 ] ; then\n    # print error to STDERR\n    echo \"error: The sandbox is not in sync with the Podfile.lock. Run 'pod install' or update your CocoaPods installation.\" >&2\n    exit 1\nfi\n# This output is used by Xcode 'outputs' to avoid re-running this script phase.\necho \"SUCCESS\" > \"${SCRIPT_OUTPUT_FILE_0}\"\n";
			showEnvVarsInLog = 0;
		};
		99E0F6FE539EF5AB5B5E4055 /* [CP] Check Pods Manifest.lock */ = {
			isa = PBXShellScriptBuildPhase;
			buildActionMask = 2147483647;
			files = (
			);
			inputPaths = (
				"${PODS_PODFILE_DIR_PATH}/Podfile.lock",
				"${PODS_ROOT}/Manifest.lock",
			);
			name = "[CP] Check Pods Manifest.lock";
			outputPaths = (
				"$(DERIVED_FILE_DIR)/Pods-ShopifyIOS-checkManifestLockResult.txt",
			);
			runOnlyForDeploymentPostprocessing = 0;
			shellPath = /bin/sh;
			shellScript = "diff \"${PODS_PODFILE_DIR_PATH}/Podfile.lock\" \"${PODS_ROOT}/Manifest.lock\" > /dev/null\nif [ $? != 0 ] ; then\n    # print error to STDERR\n    echo \"error: The sandbox is not in sync with the Podfile.lock. Run 'pod install' or update your CocoaPods installation.\" >&2\n    exit 1\nfi\n# This output is used by Xcode 'outputs' to avoid re-running this script phase.\necho \"SUCCESS\" > \"${SCRIPT_OUTPUT_FILE_0}\"\n";
			showEnvVarsInLog = 0;
		};
/* End PBXShellScriptBuildPhase section */

/* Begin PBXSourcesBuildPhase section */
		EDD730B42154569F00C52B04 /* Sources */ = {
			isa = PBXSourcesBuildPhase;
			buildActionMask = 2147483647;
			files = (
				ED3BD2102154926E00D6E360 /* ProductsViewController.swift in Sources */,
				EDD730BE2154569F00C52B04 /* TagViewController.swift in Sources */,
				EDC9C80621554D9A00351ECB /* ProductTableViewCell.swift in Sources */,
				ED3BD20E21548EE800D6E360 /* TagTableViewCell.swift in Sources */,
				ED3BD20C21546F6B00D6E360 /* product.swift in Sources */,
				ED3BD20A21546C8F00D6E360 /* NetworkDispatcher.swift in Sources */,
				EDD730BC2154569F00C52B04 /* AppDelegate.swift in Sources */,
			);
			runOnlyForDeploymentPostprocessing = 0;
		};
		EDD730C8215456A300C52B04 /* Sources */ = {
			isa = PBXSourcesBuildPhase;
			buildActionMask = 2147483647;
			files = (
				EDD730D1215456A300C52B04 /* ShopifyIOSTests.swift in Sources */,
			);
			runOnlyForDeploymentPostprocessing = 0;
		};
		EDD730D3215456A300C52B04 /* Sources */ = {
			isa = PBXSourcesBuildPhase;
			buildActionMask = 2147483647;
			files = (
				EDD730DC215456A300C52B04 /* ShopifyIOSUITests.swift in Sources */,
			);
			runOnlyForDeploymentPostprocessing = 0;
		};
/* End PBXSourcesBuildPhase section */

/* Begin PBXTargetDependency section */
		EDD730CE215456A300C52B04 /* PBXTargetDependency */ = {
			isa = PBXTargetDependency;
			target = EDD730B72154569F00C52B04 /* ShopifyIOS */;
			targetProxy = EDD730CD215456A300C52B04 /* PBXContainerItemProxy */;
		};
		EDD730D9215456A300C52B04 /* PBXTargetDependency */ = {
			isa = PBXTargetDependency;
			target = EDD730B72154569F00C52B04 /* ShopifyIOS */;
			targetProxy = EDD730D8215456A300C52B04 /* PBXContainerItemProxy */;
		};
/* End PBXTargetDependency section */

/* Begin PBXVariantGroup section */
		EDD730BF2154569F00C52B04 /* Main.storyboard */ = {
			isa = PBXVariantGroup;
			children = (
				EDD730C02154569F00C52B04 /* Base */,
			);
			name = Main.storyboard;
			sourceTree = "<group>";
		};
		EDD730C4215456A200C52B04 /* LaunchScreen.storyboard */ = {
			isa = PBXVariantGroup;
			children = (
				EDD730C5215456A200C52B04 /* Base */,
			);
			name = LaunchScreen.storyboard;
			sourceTree = "<group>";
		};
/* End PBXVariantGroup section */

/* Begin XCBuildConfiguration section */
		EDD730DE215456A300C52B04 /* Debug */ = {
			isa = XCBuildConfiguration;
			buildSettings = {
				ALWAYS_SEARCH_USER_PATHS = NO;
				CLANG_ANALYZER_NONNULL = YES;
				CLANG_ANALYZER_NUMBER_OBJECT_CONVERSION = YES_AGGRESSIVE;
				CLANG_CXX_LANGUAGE_STANDARD = "gnu++14";
				CLANG_CXX_LIBRARY = "libc++";
				CLANG_ENABLE_MODULES = YES;
				CLANG_ENABLE_OBJC_ARC = YES;
				CLANG_ENABLE_OBJC_WEAK = YES;
				CLANG_WARN_BLOCK_CAPTURE_AUTORELEASING = YES;
				CLANG_WARN_BOOL_CONVERSION = YES;
				CLANG_WARN_COMMA = YES;
				CLANG_WARN_CONSTANT_CONVERSION = YES;
				CLANG_WARN_DEPRECATED_OBJC_IMPLEMENTATIONS = YES;
				CLANG_WARN_DIRECT_OBJC_ISA_USAGE = YES_ERROR;
				CLANG_WARN_DOCUMENTATION_COMMENTS = YES;
				CLANG_WARN_EMPTY_BODY = YES;
				CLANG_WARN_ENUM_CONVERSION = YES;
				CLANG_WARN_INFINITE_RECURSION = YES;
				CLANG_WARN_INT_CONVERSION = YES;
				CLANG_WARN_NON_LITERAL_NULL_CONVERSION = YES;
				CLANG_WARN_OBJC_IMPLICIT_RETAIN_SELF = YES;
				CLANG_WARN_OBJC_LITERAL_CONVERSION = YES;
				CLANG_WARN_OBJC_ROOT_CLASS = YES_ERROR;
				CLANG_WARN_RANGE_LOOP_ANALYSIS = YES;
				CLANG_WARN_STRICT_PROTOTYPES = YES;
				CLANG_WARN_SUSPICIOUS_MOVE = YES;
				CLANG_WARN_UNGUARDED_AVAILABILITY = YES_AGGRESSIVE;
				CLANG_WARN_UNREACHABLE_CODE = YES;
				CLANG_WARN__DUPLICATE_METHOD_MATCH = YES;
				CODE_SIGN_IDENTITY = "iPhone Developer";
				COPY_PHASE_STRIP = NO;
				DEBUG_INFORMATION_FORMAT = dwarf;
				ENABLE_STRICT_OBJC_MSGSEND = YES;
				ENABLE_TESTABILITY = YES;
				GCC_C_LANGUAGE_STANDARD = gnu11;
				GCC_DYNAMIC_NO_PIC = NO;
				GCC_NO_COMMON_BLOCKS = YES;
				GCC_OPTIMIZATION_LEVEL = 0;
				GCC_PREPROCESSOR_DEFINITIONS = (
					"DEBUG=1",
					"$(inherited)",
				);
				GCC_WARN_64_TO_32_BIT_CONVERSION = YES;
				GCC_WARN_ABOUT_RETURN_TYPE = YES_ERROR;
				GCC_WARN_UNDECLARED_SELECTOR = YES;
				GCC_WARN_UNINITIALIZED_AUTOS = YES_AGGRESSIVE;
				GCC_WARN_UNUSED_FUNCTION = YES;
				GCC_WARN_UNUSED_VARIABLE = YES;
				IPHONEOS_DEPLOYMENT_TARGET = 11.4;
				MTL_ENABLE_DEBUG_INFO = YES;
				ONLY_ACTIVE_ARCH = YES;
				SDKROOT = iphoneos;
				SWIFT_ACTIVE_COMPILATION_CONDITIONS = DEBUG;
				SWIFT_OPTIMIZATION_LEVEL = "-Onone";
			};
			name = Debug;
		};
		EDD730DF215456A300C52B04 /* Release */ = {
			isa = XCBuildConfiguration;
			buildSettings = {
				ALWAYS_SEARCH_USER_PATHS = NO;
				CLANG_ANALYZER_NONNULL = YES;
				CLANG_ANALYZER_NUMBER_OBJECT_CONVERSION = YES_AGGRESSIVE;
				CLANG_CXX_LANGUAGE_STANDARD = "gnu++14";
				CLANG_CXX_LIBRARY = "libc++";
				CLANG_ENABLE_MODULES = YES;
				CLANG_ENABLE_OBJC_ARC = YES;
				CLANG_ENABLE_OBJC_WEAK = YES;
				CLANG_WARN_BLOCK_CAPTURE_AUTORELEASING = YES;
				CLANG_WARN_BOOL_CONVERSION = YES;
				CLANG_WARN_COMMA = YES;
				CLANG_WARN_CONSTANT_CONVERSION = YES;
				CLANG_WARN_DEPRECATED_OBJC_IMPLEMENTATIONS = YES;
				CLANG_WARN_DIRECT_OBJC_ISA_USAGE = YES_ERROR;
				CLANG_WARN_DOCUMENTATION_COMMENTS = YES;
				CLANG_WARN_EMPTY_BODY = YES;
				CLANG_WARN_ENUM_CONVERSION = YES;
				CLANG_WARN_INFINITE_RECURSION = YES;
				CLANG_WARN_INT_CONVERSION = YES;
				CLANG_WARN_NON_LITERAL_NULL_CONVERSION = YES;
				CLANG_WARN_OBJC_IMPLICIT_RETAIN_SELF = YES;
				CLANG_WARN_OBJC_LITERAL_CONVERSION = YES;
				CLANG_WARN_OBJC_ROOT_CLASS = YES_ERROR;
				CLANG_WARN_RANGE_LOOP_ANALYSIS = YES;
				CLANG_WARN_STRICT_PROTOTYPES = YES;
				CLANG_WARN_SUSPICIOUS_MOVE = YES;
				CLANG_WARN_UNGUARDED_AVAILABILITY = YES_AGGRESSIVE;
				CLANG_WARN_UNREACHABLE_CODE = YES;
				CLANG_WARN__DUPLICATE_METHOD_MATCH = YES;
				CODE_SIGN_IDENTITY = "iPhone Developer";
				COPY_PHASE_STRIP = NO;
				DEBUG_INFORMATION_FORMAT = "dwarf-with-dsym";
				ENABLE_NS_ASSERTIONS = NO;
				ENABLE_STRICT_OBJC_MSGSEND = YES;
				GCC_C_LANGUAGE_STANDARD = gnu11;
				GCC_NO_COMMON_BLOCKS = YES;
				GCC_WARN_64_TO_32_BIT_CONVERSION = YES;
				GCC_WARN_ABOUT_RETURN_TYPE = YES_ERROR;
				GCC_WARN_UNDECLARED_SELECTOR = YES;
				GCC_WARN_UNINITIALIZED_AUTOS = YES_AGGRESSIVE;
				GCC_WARN_UNUSED_FUNCTION = YES;
				GCC_WARN_UNUSED_VARIABLE = YES;
				IPHONEOS_DEPLOYMENT_TARGET = 11.4;
				MTL_ENABLE_DEBUG_INFO = NO;
				SDKROOT = iphoneos;
				SWIFT_COMPILATION_MODE = wholemodule;
				SWIFT_OPTIMIZATION_LEVEL = "-O";
				VALIDATE_PRODUCT = YES;
			};
			name = Release;
		};
		EDD730E1215456A300C52B04 /* Debug */ = {
			isa = XCBuildConfiguration;
			baseConfigurationReference = E3AEE3B91501AC4E95AB6E1F /* Pods-ShopifyIOS.debug.xcconfig */;
			buildSettings = {
				ASSETCATALOG_COMPILER_APPICON_NAME = AppIcon;
				CODE_SIGN_STYLE = Automatic;
				DEVELOPMENT_TEAM = 4752B9296N;
				INFOPLIST_FILE = ShopifyIOS/Info.plist;
				LD_RUNPATH_SEARCH_PATHS = (
					"$(inherited)",
					"@executable_path/Frameworks",
				);
				PRODUCT_BUNDLE_IDENTIFIER = balamou.ShopifyIOS;
				PRODUCT_NAME = "$(TARGET_NAME)";
				SWIFT_VERSION = 4.0;
				TARGETED_DEVICE_FAMILY = "1,2";
			};
			name = Debug;
		};
		EDD730E2215456A300C52B04 /* Release */ = {
			isa = XCBuildConfiguration;
			baseConfigurationReference = 4122C4CE2B772CE0A970BB2F /* Pods-ShopifyIOS.release.xcconfig */;
			buildSettings = {
				ASSETCATALOG_COMPILER_APPICON_NAME = AppIcon;
				CODE_SIGN_STYLE = Automatic;
				DEVELOPMENT_TEAM = 4752B9296N;
				INFOPLIST_FILE = ShopifyIOS/Info.plist;
				LD_RUNPATH_SEARCH_PATHS = (
					"$(inherited)",
					"@executable_path/Frameworks",
				);
				PRODUCT_BUNDLE_IDENTIFIER = balamou.ShopifyIOS;
				PRODUCT_NAME = "$(TARGET_NAME)";
				SWIFT_VERSION = 4.0;
				TARGETED_DEVICE_FAMILY = "1,2";
			};
			name = Release;
		};
		EDD730E4215456A300C52B04 /* Debug */ = {
			isa = XCBuildConfiguration;
			baseConfigurationReference = 33270F576EE4626EA3C3FE5C /* Pods-ShopifyIOSTests.debug.xcconfig */;
			buildSettings = {
				ALWAYS_EMBED_SWIFT_STANDARD_LIBRARIES = YES;
				BUNDLE_LOADER = "$(TEST_HOST)";
				CODE_SIGN_STYLE = Automatic;
				INFOPLIST_FILE = ShopifyIOSTests/Info.plist;
				LD_RUNPATH_SEARCH_PATHS = (
					"$(inherited)",
					"@executable_path/Frameworks",
					"@loader_path/Frameworks",
				);
				PRODUCT_BUNDLE_IDENTIFIER = balamou.ShopifyIOSTests;
				PRODUCT_NAME = "$(TARGET_NAME)";
				SWIFT_VERSION = 4.0;
				TARGETED_DEVICE_FAMILY = "1,2";
				TEST_HOST = "$(BUILT_PRODUCTS_DIR)/ShopifyIOS.app/ShopifyIOS";
			};
			name = Debug;
		};
		EDD730E5215456A300C52B04 /* Release */ = {
			isa = XCBuildConfiguration;
			baseConfigurationReference = DCBF2132B0DB5679813F9145 /* Pods-ShopifyIOSTests.release.xcconfig */;
			buildSettings = {
				ALWAYS_EMBED_SWIFT_STANDARD_LIBRARIES = YES;
				BUNDLE_LOADER = "$(TEST_HOST)";
				CODE_SIGN_STYLE = Automatic;
				INFOPLIST_FILE = ShopifyIOSTests/Info.plist;
				LD_RUNPATH_SEARCH_PATHS = (
					"$(inherited)",
					"@executable_path/Frameworks",
					"@loader_path/Frameworks",
				);
				PRODUCT_BUNDLE_IDENTIFIER = balamou.ShopifyIOSTests;
				PRODUCT_NAME = "$(TARGET_NAME)";
				SWIFT_VERSION = 4.0;
				TARGETED_DEVICE_FAMILY = "1,2";
				TEST_HOST = "$(BUILT_PRODUCTS_DIR)/ShopifyIOS.app/ShopifyIOS";
			};
			name = Release;
		};
		EDD730E7215456A300C52B04 /* Debug */ = {
			isa = XCBuildConfiguration;
			baseConfigurationReference = 2678D4A3409D1FDCC40EAD51 /* Pods-ShopifyIOSUITests.debug.xcconfig */;
			buildSettings = {
				ALWAYS_EMBED_SWIFT_STANDARD_LIBRARIES = YES;
				CODE_SIGN_STYLE = Automatic;
				INFOPLIST_FILE = ShopifyIOSUITests/Info.plist;
				LD_RUNPATH_SEARCH_PATHS = (
					"$(inherited)",
					"@executable_path/Frameworks",
					"@loader_path/Frameworks",
				);
				PRODUCT_BUNDLE_IDENTIFIER = balamou.ShopifyIOSUITests;
				PRODUCT_NAME = "$(TARGET_NAME)";
				SWIFT_VERSION = 4.0;
				TARGETED_DEVICE_FAMILY = "1,2";
				TEST_TARGET_NAME = ShopifyIOS;
			};
			name = Debug;
		};
		EDD730E8215456A300C52B04 /* Release */ = {
			isa = XCBuildConfiguration;
			baseConfigurationReference = BF73381C338F497CD2C270F2 /* Pods-ShopifyIOSUITests.release.xcconfig */;
			buildSettings = {
				ALWAYS_EMBED_SWIFT_STANDARD_LIBRARIES = YES;
				CODE_SIGN_STYLE = Automatic;
				INFOPLIST_FILE = ShopifyIOSUITests/Info.plist;
				LD_RUNPATH_SEARCH_PATHS = (
					"$(inherited)",
					"@executable_path/Frameworks",
					"@loader_path/Frameworks",
				);
				PRODUCT_BUNDLE_IDENTIFIER = balamou.ShopifyIOSUITests;
				PRODUCT_NAME = "$(TARGET_NAME)";
				SWIFT_VERSION = 4.0;
				TARGETED_DEVICE_FAMILY = "1,2";
				TEST_TARGET_NAME = ShopifyIOS;
			};
			name = Release;
		};
/* End XCBuildConfiguration section */

/* Begin XCConfigurationList section */
		EDD730B32154569F00C52B04 /* Build configuration list for PBXProject "ShopifyIOS" */ = {
			isa = XCConfigurationList;
			buildConfigurations = (
				EDD730DE215456A300C52B04 /* Debug */,
				EDD730DF215456A300C52B04 /* Release */,
			);
			defaultConfigurationIsVisible = 0;
			defaultConfigurationName = Release;
		};
		EDD730E0215456A300C52B04 /* Build configuration list for PBXNativeTarget "ShopifyIOS" */ = {
			isa = XCConfigurationList;
			buildConfigurations = (
				EDD730E1215456A300C52B04 /* Debug */,
				EDD730E2215456A300C52B04 /* Release */,
			);
			defaultConfigurationIsVisible = 0;
			defaultConfigurationName = Release;
		};
		EDD730E3215456A300C52B04 /* Build configuration list for PBXNativeTarget "ShopifyIOSTests" */ = {
			isa = XCConfigurationList;
			buildConfigurations = (
				EDD730E4215456A300C52B04 /* Debug */,
				EDD730E5215456A300C52B04 /* Release */,
			);
			defaultConfigurationIsVisible = 0;
			defaultConfigurationName = Release;
		};
		EDD730E6215456A300C52B04 /* Build configuration list for PBXNativeTarget "ShopifyIOSUITests" */ = {
			isa = XCConfigurationList;
			buildConfigurations = (
				EDD730E7215456A300C52B04 /* Debug */,
				EDD730E8215456A300C52B04 /* Release */,
			);
			defaultConfigurationIsVisible = 0;
			defaultConfigurationName = Release;
		};
/* End XCConfigurationList section */
	};
	rootObject = EDD730B02154569F00C52B04 /* Project object */;
}
